{
    "_readme": [
        "This file locks the dependencies of your project to a known state",
        "Read more about it at https://getcomposer.org/doc/01-basic-usage.md#composer-lock-the-lock-file",
        "This file is @generated automatically"
    ],
    "hash": "ee7ceaae05b498ecc8e97ee18c2d35ae",
    "content-hash": "814843312fd6bca56da69fbfbfa3b5f6",
    "packages": [
        {
            "name": "myclabs/deep-copy",
            "version": "1.5.4",
            "source": {
                "type": "git",
                "url": "https://github.com/myclabs/DeepCopy.git",
                "reference": "ea74994a3dc7f8d2f65a06009348f2d63c81e61f"
            },
            "dist": {
                "type": "zip",
                "url": "https://api.github.com/repos/myclabs/DeepCopy/zipball/ea74994a3dc7f8d2f65a06009348f2d63c81e61f",
                "reference": "ea74994a3dc7f8d2f65a06009348f2d63c81e61f",
                "shasum": ""
            },
            "require": {
                "php": ">=5.4.0"
            },
            "require-dev": {
                "doctrine/collections": "1.*",
                "phpunit/phpunit": "~4.1"
            },
            "type": "library",
            "autoload": {
                "psr-4": {
                    "DeepCopy\\": "src/DeepCopy/"
                }
            },
            "notification-url": "https://packagist.org/downloads/",
            "license": [
                "MIT"
            ],
            "description": "Create deep copies (clones) of your objects",
            "homepage": "https://github.com/myclabs/DeepCopy",
            "keywords": [
                "clone",
                "copy",
                "duplicate",
                "object",
                "object graph"
            ],
            "time": "2016-09-16 13:37:59"
        },
        {
            "name": "steos/php-quickcheck",
            "version": "dev-master",
            "source": {
                "type": "git",
                "url": "https://github.com/steos/php-quickcheck.git",
                "reference": "11f6f8e33f6d04452bca2ab510dc457fe8267773"
            },
            "dist": {
                "type": "zip",
                "url": "https://api.github.com/repos/steos/php-quickcheck/zipball/11f6f8e33f6d04452bca2ab510dc457fe8267773",
                "reference": "11f6f8e33f6d04452bca2ab510dc457fe8267773",
                "shasum": ""
            },
            "require": {
                "php-64bit": ">=5.5.0"
            },
            "require-dev": {
                "phpunit/phpunit": "^4.8"
            },
            "type": "library",
            "autoload": {
                "psr-4": {
                    "QCheck\\": "src/QCheck/"
                }
            },
            "notification-url": "https://packagist.org/downloads/",
            "license": [
                "BSD-3-Clause"
            ],
            "description": "a generative testing library",
            "time": "2016-03-15 22:02:57"
        }
    ],
    "packages-dev": [],
    "aliases": [],
    "minimum-stability": "stable",
    "stability-flags": {
        "steos/php-quickcheck": 20
    },
    "prefer-stable": false,
    "prefer-lowest": false,
    "platform": [],
    "platform-dev": []
}
